github.com/coreprime/kbot-engine v0.3.0 h1:VlJ5FYX/OSQgJc3Y5RT4HUkW7KxzbDS/6X2oVvnuhg4=
github.com/coreprime/kbot-engine v0.3.0/go.mod h1:T/Ft/NguaZMbFiQ9J0sQm9LLQ0oN4xSqIR/VzjM0/l4=
github.com/coreprime/kbot-io v0.1.1 h1:vhcVu4HpUoCnj1RG3Xb/ud824jT39WXE0/BlJUxJ48I=
github.com/coreprime/kbot-io v0.1.1/go.mod h1:akD1EWqVOaCQFunG7VIVVvyy/wy8GQwWHSpUUd2iv6U=
