github.com/coreprime/kbot-engine v0.8.15 h1:rvGzRWsd6EbCPuAkNeZ9FQEFojloihlmVg16GxAISDY=
github.com/coreprime/kbot-engine v0.8.15/go.mod h1:/0GuX77vbDvT2fzp8qRvtVBflhBGdx4mHBy8Svbpg1w=
github.com/coreprime/kbot-io v0.3.0 h1:Wm8TAgXkByG8abTvGVgrS0DFhw2RMWd5vwlBFSUKMQo=
github.com/coreprime/kbot-io v0.3.0/go.mod h1:e32w3hmjK9Pi9uL8L4f5trOL5e25UvOv0MZBrCD6HbM=
